
Microsoft Visual Studio Solution File, Format Version 12.00
# Visual Studio Version 16
VisualStudioVersion = 16.0.30523.141
MinimumVisualStudioVersion = 10.0.40219.1
Project("{8BC9CEB8-8B4A-11D0-8D11-00A0C91BC942}") = "fileInfo", "fileInfo\fileInfo.vcxproj", "{68B84AED-55C1-4B59-8D0D-DB103442C522}"
EndProject
Global
	GlobalSection(SolutionConfigurationPlatforms) = preSolution
		Debug|x64 = Debug|x64
		Debug|x86 = Debug|x86
		Release|x64 = Release|x64
		Release|x86 = Release|x86
	EndGlobalSection
	GlobalSection(ProjectConfigurationPlatforms) = postSolution
		{68B84AED-55C1-4B59-8D0D-DB103442C522}.Debug|x64.ActiveCfg = Debug|x64
		{68B84AED-55C1-4B59-8D0D-DB103442C522}.Debug|x64.Build.0 = Debug|x64
		{68B84AED-55C1-4B59-8D0D-DB103442C522}.Debug|x86.ActiveCfg = Debug|Win32
		{68B84AED-55C1-4B59-8D0D-DB103442C522}.Debug|x86.Build.0 = Debug|Win32
		{68B84AED-55C1-4B59-8D0D-DB103442C522}.Release|x64.ActiveCfg = Release|x64
		{68B84AED-55C1-4B59-8D0D-DB103442C522}.Release|x64.Build.0 = Release|x64
		{68B84AED-55C1-4B59-8D0D-DB103442C522}.Release|x86.ActiveCfg = Release|Win32
		{68B84AED-55C1-4B59-8D0D-DB103442C522}.Release|x86.Build.0 = Release|Win32
	EndGlobalSection
	GlobalSection(SolutionProperties) = preSolution
		HideSolutionNode = FALSE
	EndGlobalSection
	GlobalSection(ExtensibilityGlobals) = postSolution
		SolutionGuid = {0CFD0690-305E-4A3C-AE85-65B3C1D2878F}
	EndGlobalSection
EndGlobal
